// !$*UTF8*$!
{
	archiveVersion = 1;
	classes = {
	};
	objectVersion = 55;
	objects = {

/* Begin PBXBuildFile section */
		6C1E133C28841D3700468BB0 /* Course.swift in Sources */ = {isa = PBXBuildFile; fileRef = 6C1E133B28841D3700468BB0 /* Course.swift */; };
		6C1E133E28841D5100468BB0 /* CourseSection.swift in Sources */ = {isa = PBXBuildFile; fileRef = 6C1E133D28841D5100468BB0 /* CourseSection.swift */; };
		6C1E134028841D8000468BB0 /* VCard.swift in Sources */ = {isa = PBXBuildFile; fileRef = 6C1E133F28841D8000468BB0 /* VCard.swift */; };
		6C1E13422884361100468BB0 /* HCard.swift in Sources */ = {isa = PBXBuildFile; fileRef = 6C1E13412884361100468BB0 /* HCard.swift */; };
		6C1E13442884374300468BB0 /* HomeView.swift in Sources */ = {isa = PBXBuildFile; fileRef = 6C1E13432884374300468BB0 /* HomeView.swift */; };
		6C1E134628843B2D00468BB0 /* SideMenu.swift in Sources */ = {isa = PBXBuildFile; fileRef = 6C1E134528843B2D00468BB0 /* SideMenu.swift */; };
		6C1E1348288441B000468BB0 /* MenuRow.swift in Sources */ = {isa = PBXBuildFile; fileRef = 6C1E1347288441B000468BB0 /* MenuRow.swift */; };
		6CD506112882E39600107E70 /* RiveAnimationsApp.swift in Sources */ = {isa = PBXBuildFile; fileRef = 6CD506102882E39600107E70 /* RiveAnimationsApp.swift */; };
		6CD506132882E39600107E70 /* ContentView.swift in Sources */ = {isa = PBXBuildFile; fileRef = 6CD506122882E39600107E70 /* ContentView.swift */; };
		6CD506152882E39900107E70 /* Assets.xcassets in Resources */ = {isa = PBXBuildFile; fileRef = 6CD506142882E39900107E70 /* Assets.xcassets */; };
		6CD506182882E39900107E70 /* Preview Assets.xcassets in Resources */ = {isa = PBXBuildFile; fileRef = 6CD506172882E39900107E70 /* Preview Assets.xcassets */; };
		6CD506262882E3F600107E70 /* house.riv in Resources */ = {isa = PBXBuildFile; fileRef = 6CD5061F2882E3F600107E70 /* house.riv */; };
		6CD506272882E3F600107E70 /* confetti.riv in Resources */ = {isa = PBXBuildFile; fileRef = 6CD506202882E3F600107E70 /* confetti.riv */; };
		6CD506282882E3F600107E70 /* check.riv in Resources */ = {isa = PBXBuildFile; fileRef = 6CD506212882E3F600107E70 /* check.riv */; };
		6CD506292882E3F600107E70 /* menu_button.riv in Resources */ = {isa = PBXBuildFile; fileRef = 6CD506222882E3F600107E70 /* menu_button.riv */; };
		6CD5062A2882E3F600107E70 /* shapes.riv in Resources */ = {isa = PBXBuildFile; fileRef = 6CD506232882E3F600107E70 /* shapes.riv */; };
		6CD5062B2882E3F600107E70 /* button.riv in Resources */ = {isa = PBXBuildFile; fileRef = 6CD506242882E3F600107E70 /* button.riv */; };
		6CD5062C2882E3F600107E70 /* icons.riv in Resources */ = {isa = PBXBuildFile; fileRef = 6CD506252882E3F600107E70 /* icons.riv */; };
		6CD5062F2882E71900107E70 /* RiveRuntime in Frameworks */ = {isa = PBXBuildFile; productRef = 6CD5062E2882E71900107E70 /* RiveRuntime */; };
		6CD506312882E75F00107E70 /* OnboardingView.swift in Sources */ = {isa = PBXBuildFile; fileRef = 6CD506302882E75F00107E70 /* OnboardingView.swift */; };
		6CD506362882F2E800107E70 /* Inter-Regular.ttf in Resources */ = {isa = PBXBuildFile; fileRef = 6CD506332882F2E800107E70 /* Inter-Regular.ttf */; };
		6CD506372882F2E800107E70 /* Poppins-Bold.ttf in Resources */ = {isa = PBXBuildFile; fileRef = 6CD506342882F2E800107E70 /* Poppins-Bold.ttf */; };
		6CD506382882F2E800107E70 /* Inter-SemiBold.ttf in Resources */ = {isa = PBXBuildFile; fileRef = 6CD506352882F2E800107E70 /* Inter-SemiBold.ttf */; };
		6CD5063B2882F46900107E70 /* CustomFont.swift in Sources */ = {isa = PBXBuildFile; fileRef = 6CD5063A2882F46900107E70 /* CustomFont.swift */; };
		6CD5063D2882F86400107E70 /* SignInView.swift in Sources */ = {isa = PBXBuildFile; fileRef = 6CD5063C2882F86400107E70 /* SignInView.swift */; };
		6CD5063F2882FC2100107E70 /* CustomTextField.swift in Sources */ = {isa = PBXBuildFile; fileRef = 6CD5063E2882FC2100107E70 /* CustomTextField.swift */; };
		6CE05B362883F26B004E7F5E /* Extensions.swift in Sources */ = {isa = PBXBuildFile; fileRef = 6CE05B352883F26B004E7F5E /* Extensions.swift */; };
		6CE05B3A2884014B004E7F5E /* TabBar.swift in Sources */ = {isa = PBXBuildFile; fileRef = 6CE05B392884014B004E7F5E /* TabBar.swift */; };
/* End PBXBuildFile section */

/* Begin PBXFileReference section */
		6C1E133B28841D3700468BB0 /* Course.swift */ = {isa = PBXFileReference; lastKnownFileType = sourcecode.swift; path = Course.swift; sourceTree = "<group>"; };
		6C1E133D28841D5100468BB0 /* CourseSection.swift */ = {isa = PBXFileReference; lastKnownFileType = sourcecode.swift; path = CourseSection.swift; sourceTree = "<group>"; };
		6C1E133F28841D8000468BB0 /* VCard.swift */ = {isa = PBXFileReference; lastKnownFileType = sourcecode.swift; path = VCard.swift; sourceTree = "<group>"; };
		6C1E13412884361100468BB0 /* HCard.swift */ = {isa = PBXFileReference; lastKnownFileType = sourcecode.swift; path = HCard.swift; sourceTree = "<group>"; };
		6C1E13432884374300468BB0 /* HomeView.swift */ = {isa = PBXFileReference; lastKnownFileType = sourcecode.swift; path = HomeView.swift; sourceTree = "<group>"; };
		6C1E134528843B2D00468BB0 /* SideMenu.swift */ = {isa = PBXFileReference; lastKnownFileType = sourcecode.swift; path = SideMenu.swift; sourceTree = "<group>"; };
		6C1E1347288441B000468BB0 /* MenuRow.swift */ = {isa = PBXFileReference; lastKnownFileType = sourcecode.swift; path = MenuRow.swift; sourceTree = "<group>"; };
		6CD5060D2882E39600107E70 /* RiveAnimations.app */ = {isa = PBXFileReference; explicitFileType = wrapper.application; includeInIndex = 0; path = RiveAnimations.app; sourceTree = BUILT_PRODUCTS_DIR; };
		6CD506102882E39600107E70 /* RiveAnimationsApp.swift */ = {isa = PBXFileReference; lastKnownFileType = sourcecode.swift; path = RiveAnimationsApp.swift; sourceTree = "<group>"; };
		6CD506122882E39600107E70 /* ContentView.swift */ = {isa = PBXFileReference; lastKnownFileType = sourcecode.swift; path = ContentView.swift; sourceTree = "<group>"; };
		6CD506142882E39900107E70 /* Assets.xcassets */ = {isa = PBXFileReference; lastKnownFileType = folder.assetcatalog; path = Assets.xcassets; sourceTree = "<group>"; };
		6CD506172882E39900107E70 /* Preview Assets.xcassets */ = {isa = PBXFileReference; lastKnownFileType = folder.assetcatalog; path = "Preview Assets.xcassets"; sourceTree = "<group>"; };
		6CD5061F2882E3F600107E70 /* house.riv */ = {isa = PBXFileReference; lastKnownFileType = file; path = house.riv; sourceTree = "<group>"; };
		6CD506202882E3F600107E70 /* confetti.riv */ = {isa = PBXFileReference; lastKnownFileType = file; path = confetti.riv; sourceTree = "<group>"; };
		6CD506212882E3F600107E70 /* check.riv */ = {isa = PBXFileReference; lastKnownFileType = file; path = check.riv; sourceTree = "<group>"; };
		6CD506222882E3F600107E70 /* menu_button.riv */ = {isa = PBXFileReference; lastKnownFileType = file; path = menu_button.riv; sourceTree = "<group>"; };
		6CD506232882E3F600107E70 /* shapes.riv */ = {isa = PBXFileReference; lastKnownFileType = file; path = shapes.riv; sourceTree = "<group>"; };
		6CD506242882E3F600107E70 /* button.riv */ = {isa = PBXFileReference; lastKnownFileType = file; path = button.riv; sourceTree = "<group>"; };
		6CD506252882E3F600107E70 /* icons.riv */ = {isa = PBXFileReference; lastKnownFileType = file; path = icons.riv; sourceTree = "<group>"; };
		6CD506302882E75F00107E70 /* OnboardingView.swift */ = {isa = PBXFileReference; lastKnownFileType = sourcecode.swift; path = OnboardingView.swift; sourceTree = "<group>"; };
		6CD506332882F2E800107E70 /* Inter-Regular.ttf */ = {isa = PBXFileReference; lastKnownFileType = file; path = "Inter-Regular.ttf"; sourceTree = "<group>"; };
		6CD506342882F2E800107E70 /* Poppins-Bold.ttf */ = {isa = PBXFileReference; lastKnownFileType = file; path = "Poppins-Bold.ttf"; sourceTree = "<group>"; };
		6CD506352882F2E800107E70 /* Inter-SemiBold.ttf */ = {isa = PBXFileReference; lastKnownFileType = file; path = "Inter-SemiBold.ttf"; sourceTree = "<group>"; };
		6CD506392882F34500107E70 /* Info.plist */ = {isa = PBXFileReference; lastKnownFileType = text.plist; path = Info.plist; sourceTree = "<group>"; };
		6CD5063A2882F46900107E70 /* CustomFont.swift */ = {isa = PBXFileReference; lastKnownFileType = sourcecode.swift; path = CustomFont.swift; sourceTree = "<group>"; };
		6CD5063C2882F86400107E70 /* SignInView.swift */ = {isa = PBXFileReference; lastKnownFileType = sourcecode.swift; path = SignInView.swift; sourceTree = "<group>"; };
		6CD5063E2882FC2100107E70 /* CustomTextField.swift */ = {isa = PBXFileReference; lastKnownFileType = sourcecode.swift; path = CustomTextField.swift; sourceTree = "<group>"; };
		6CE05B352883F26B004E7F5E /* Extensions.swift */ = {isa = PBXFileReference; lastKnownFileType = sourcecode.swift; path = Extensions.swift; sourceTree = "<group>"; };
		6CE05B392884014B004E7F5E /* TabBar.swift */ = {isa = PBXFileReference; lastKnownFileType = sourcecode.swift; path = TabBar.swift; sourceTree = "<group>"; };
/* End PBXFileReference section */

/* Begin PBXFrameworksBuildPhase section */
		6CD5060A2882E39600107E70 /* Frameworks */ = {
			isa = PBXFrameworksBuildPhase;
			buildActionMask = 2147483647;
			files = (
				6CD5062F2882E71900107E70 /* RiveRuntime in Frameworks */,
			);
			runOnlyForDeploymentPostprocessing = 0;
		};
/* End PBXFrameworksBuildPhase section */

/* Begin PBXGroup section */
		6C1E133A28841D2C00468BB0 /* Model */ = {
			isa = PBXGroup;
			children = (
				6C1E133B28841D3700468BB0 /* Course.swift */,
				6C1E133D28841D5100468BB0 /* CourseSection.swift */,
			);
			path = Model;
			sourceTree = "<group>";
		};
		6C1E134928844D6200468BB0 /* Components */ = {
			isa = PBXGroup;
			children = (
				6C1E1347288441B000468BB0 /* MenuRow.swift */,
				6C1E133F28841D8000468BB0 /* VCard.swift */,
				6C1E13412884361100468BB0 /* HCard.swift */,
			);
			path = Components;
			sourceTree = "<group>";
		};
		6C1E134A28844D7E00468BB0 /* Navigation */ = {
			isa = PBXGroup;
			children = (
				6CD506122882E39600107E70 /* ContentView.swift */,
				6CE05B392884014B004E7F5E /* TabBar.swift */,
				6C1E134528843B2D00468BB0 /* SideMenu.swift */,
			);
			path = Navigation;
			sourceTree = "<group>";
		};
		6CD506042882E39600107E70 = {
			isa = PBXGroup;
			children = (
				6CD5060F2882E39600107E70 /* RiveAnimations */,
				6CD5060E2882E39600107E70 /* Products */,
			);
			sourceTree = "<group>";
		};
		6CD5060E2882E39600107E70 /* Products */ = {
			isa = PBXGroup;
			children = (
				6CD5060D2882E39600107E70 /* RiveAnimations.app */,
			);
			name = Products;
			sourceTree = "<group>";
		};
		6CD5060F2882E39600107E70 /* RiveAnimations */ = {
			isa = PBXGroup;
			children = (
				6CD506392882F34500107E70 /* Info.plist */,
				6CD506102882E39600107E70 /* RiveAnimationsApp.swift */,
				6C1E134A28844D7E00468BB0 /* Navigation */,
				6C1E134928844D6200468BB0 /* Components */,
				6C1E133A28841D2C00468BB0 /* Model */,
				6CE05B372883FFFF004E7F5E /* Views */,
				6CE05B3828840016004E7F5E /* Styles */,
				6CD506142882E39900107E70 /* Assets.xcassets */,
				6CD506322882F2E800107E70 /* Fonts */,
				6CD5061E2882E3F600107E70 /* RiveAssets */,
				6CD506162882E39900107E70 /* Preview Content */,
			);
			path = RiveAnimations;
			sourceTree = "<group>";
		};
		6CD506162882E39900107E70 /* Preview Content */ = {
			isa = PBXGroup;
			children = (
				6CD506172882E39900107E70 /* Preview Assets.xcassets */,
			);
			path = "Preview Content";
			sourceTree = "<group>";
		};
		6CD5061E2882E3F600107E70 /* RiveAssets */ = {
			isa = PBXGroup;
			children = (
				6CD5061F2882E3F600107E70 /* house.riv */,
				6CD506202882E3F600107E70 /* confetti.riv */,
				6CD506212882E3F600107E70 /* check.riv */,
				6CD506222882E3F600107E70 /* menu_button.riv */,
				6CD506232882E3F600107E70 /* shapes.riv */,
				6CD506242882E3F600107E70 /* button.riv */,
				6CD506252882E3F600107E70 /* icons.riv */,
			);
			path = RiveAssets;
			sourceTree = "<group>";
		};
		6CD506322882F2E800107E70 /* Fonts */ = {
			isa = PBXGroup;
			children = (
				6CD506332882F2E800107E70 /* Inter-Regular.ttf */,
				6CD506342882F2E800107E70 /* Poppins-Bold.ttf */,
				6CD506352882F2E800107E70 /* Inter-SemiBold.ttf */,
			);
			path = Fonts;
			sourceTree = "<group>";
		};
		6CE05B372883FFFF004E7F5E /* Views */ = {
			isa = PBXGroup;
			children = (
				6C1E13432884374300468BB0 /* HomeView.swift */,
				6CD506302882E75F00107E70 /* OnboardingView.swift */,
				6CD5063C2882F86400107E70 /* SignInView.swift */,
			);
			path = Views;
			sourceTree = "<group>";
		};
		6CE05B3828840016004E7F5E /* Styles */ = {
			isa = PBXGroup;
			children = (
				6CD5063E2882FC2100107E70 /* CustomTextField.swift */,
				6CD5063A2882F46900107E70 /* CustomFont.swift */,
				6CE05B352883F26B004E7F5E /* Extensions.swift */,
			);
			path = Styles;
			sourceTree = "<group>";
		};
/* End PBXGroup section */

/* Begin PBXNativeTarget section */
		6CD5060C2882E39600107E70 /* RiveAnimations */ = {
			isa = PBXNativeTarget;
			buildConfigurationList = 6CD5061B2882E39900107E70 /* Build configuration list for PBXNativeTarget "RiveAnimations" */;
			buildPhases = (
				6CD506092882E39600107E70 /* Sources */,
				6CD5060A2882E39600107E70 /* Frameworks */,
				6CD5060B2882E39600107E70 /* Resources */,
			);
			buildRules = (
			);
			dependencies = (
			);
			name = RiveAnimations;
			packageProductDependencies = (
				6CD5062E2882E71900107E70 /* RiveRuntime */,
			);
			productName = RiveAnimations;
			productReference = 6CD5060D2882E39600107E70 /* RiveAnimations.app */;
			productType = "com.apple.product-type.application";
		};
/* End PBXNativeTarget section */

/* Begin PBXProject section */
		6CD506052882E39600107E70 /* Project object */ = {
			isa = PBXProject;
			attributes = {
				BuildIndependentTargetsInParallel = 1;
				LastSwiftUpdateCheck = 1340;
				LastUpgradeCheck = 1340;
				TargetAttributes = {
					6CD5060C2882E39600107E70 = {
						CreatedOnToolsVersion = 13.4.1;
					};
				};
			};
			buildConfigurationList = 6CD506082882E39600107E70 /* Build configuration list for PBXProject "RiveAnimations" */;
			compatibilityVersion = "Xcode 13.0";
			developmentRegion = en;
			hasScannedForEncodings = 0;
			knownRegions = (
				en,
				Base,
			);
			mainGroup = 6CD506042882E39600107E70;
			packageReferences = (
				6CD5062D2882E71900107E70 /* XCRemoteSwiftPackageReference "rive-ios" */,
			);
			productRefGroup = 6CD5060E2882E39600107E70 /* Products */;
			projectDirPath = "";
			projectRoot = "";
			targets = (
				6CD5060C2882E39600107E70 /* RiveAnimations */,
			);
		};
/* End PBXProject section */

/* Begin PBXResourcesBuildPhase section */
		6CD5060B2882E39600107E70 /* Resources */ = {
			isa = PBXResourcesBuildPhase;
			buildActionMask = 2147483647;
			files = (
				6CD506382882F2E800107E70 /* Inter-SemiBold.ttf in Resources */,
				6CD5062A2882E3F600107E70 /* shapes.riv in Resources */,
				6CD506282882E3F600107E70 /* check.riv in Resources */,
				6CD506182882E39900107E70 /* Preview Assets.xcassets in Resources */,
				6CD506292882E3F600107E70 /* menu_button.riv in Resources */,
				6CD506262882E3F600107E70 /* house.riv in Resources */,
				6CD5062B2882E3F600107E70 /* button.riv in Resources */,
				6CD506362882F2E800107E70 /* Inter-Regular.ttf in Resources */,
				6CD506372882F2E800107E70 /* Poppins-Bold.ttf in Resources */,
				6CD506152882E39900107E70 /* Assets.xcassets in Resources */,
				6CD506272882E3F600107E70 /* confetti.riv in Resources */,
				6CD5062C2882E3F600107E70 /* icons.riv in Resources */,
			);
			runOnlyForDeploymentPostprocessing = 0;
		};
/* End PBXResourcesBuildPhase section */

/* Begin PBXSourcesBuildPhase section */
		6CD506092882E39600107E70 /* Sources */ = {
			isa = PBXSourcesBuildPhase;
			buildActionMask = 2147483647;
			files = (
				6C1E13422884361100468BB0 /* HCard.swift in Sources */,
				6C1E133C28841D3700468BB0 /* Course.swift in Sources */,
				6C1E13442884374300468BB0 /* HomeView.swift in Sources */,
				6C1E134628843B2D00468BB0 /* SideMenu.swift in Sources */,
				6CD506312882E75F00107E70 /* OnboardingView.swift in Sources */,
				6CD5063B2882F46900107E70 /* CustomFont.swift in Sources */,
				6CD5063F2882FC2100107E70 /* CustomTextField.swift in Sources */,
				6C1E133E28841D5100468BB0 /* CourseSection.swift in Sources */,
				6C1E134028841D8000468BB0 /* VCard.swift in Sources */,
				6CE05B3A2884014B004E7F5E /* TabBar.swift in Sources */,
				6CD506132882E39600107E70 /* ContentView.swift in Sources */,
				6CD506112882E39600107E70 /* RiveAnimationsApp.swift in Sources */,
				6CD5063D2882F86400107E70 /* SignInView.swift in Sources */,
				6CE05B362883F26B004E7F5E /* Extensions.swift in Sources */,
				6C1E1348288441B000468BB0 /* MenuRow.swift in Sources */,
			);
			runOnlyForDeploymentPostprocessing = 0;
		};
/* End PBXSourcesBuildPhase section */

/* Begin XCBuildConfiguration section */
		6CD506192882E39900107E70 /* Debug */ = {
			isa = XCBuildConfiguration;
			buildSettings = {
				ALWAYS_SEARCH_USER_PATHS = NO;
				CLANG_ANALYZER_NONNULL = YES;
				CLANG_ANALYZER_NUMBER_OBJECT_CONVERSION = YES_AGGRESSIVE;
				CLANG_CXX_LANGUAGE_STANDARD = "gnu++17";
				CLANG_ENABLE_MODULES = YES;
				CLANG_ENABLE_OBJC_ARC = YES;
				CLANG_ENABLE_OBJC_WEAK = YES;
				CLANG_WARN_BLOCK_CAPTURE_AUTORELEASING = YES;
				CLANG_WARN_BOOL_CONVERSION = YES;
				CLANG_WARN_COMMA = YES;
				CLANG_WARN_CONSTANT_CONVERSION = YES;
				CLANG_WARN_DEPRECATED_OBJC_IMPLEMENTATIONS = YES;
				CLANG_WARN_DIRECT_OBJC_ISA_USAGE = YES_ERROR;
				CLANG_WARN_DOCUMENTATION_COMMENTS = YES;
				CLANG_WARN_EMPTY_BODY = YES;
				CLANG_WARN_ENUM_CONVERSION = YES;
				CLANG_WARN_INFINITE_RECURSION = YES;
				CLANG_WARN_INT_CONVERSION = YES;
				CLANG_WARN_NON_LITERAL_NULL_CONVERSION = YES;
				CLANG_WARN_OBJC_IMPLICIT_RETAIN_SELF = YES;
				CLANG_WARN_OBJC_LITERAL_CONVERSION = YES;
				CLANG_WARN_OBJC_ROOT_CLASS = YES_ERROR;
				CLANG_WARN_QUOTED_INCLUDE_IN_FRAMEWORK_HEADER = YES;
				CLANG_WARN_RANGE_LOOP_ANALYSIS = YES;
				CLANG_WARN_STRICT_PROTOTYPES = YES;
				CLANG_WARN_SUSPICIOUS_MOVE = YES;
				CLANG_WARN_UNGUARDED_AVAILABILITY = YES_AGGRESSIVE;
				CLANG_WARN_UNREACHABLE_CODE = YES;
				CLANG_WARN__DUPLICATE_METHOD_MATCH = YES;
				COPY_PHASE_STRIP = NO;
				DEBUG_INFORMATION_FORMAT = dwarf;
				ENABLE_STRICT_OBJC_MSGSEND = YES;
				ENABLE_TESTABILITY = YES;
				GCC_C_LANGUAGE_STANDARD = gnu11;
				GCC_DYNAMIC_NO_PIC = NO;
				GCC_NO_COMMON_BLOCKS = YES;
				GCC_OPTIMIZATION_LEVEL = 0;
				GCC_PREPROCESSOR_DEFINITIONS = (
					"DEBUG=1",
					"$(inherited)",
				);
				GCC_WARN_64_TO_32_BIT_CONVERSION = YES;
				GCC_WARN_ABOUT_RETURN_TYPE = YES_ERROR;
				GCC_WARN_UNDECLARED_SELECTOR = YES;
				GCC_WARN_UNINITIALIZED_AUTOS = YES_AGGRESSIVE;
				GCC_WARN_UNUSED_FUNCTION = YES;
				GCC_WARN_UNUSED_VARIABLE = YES;
				IPHONEOS_DEPLOYMENT_TARGET = 15.5;
				MTL_ENABLE_DEBUG_INFO = INCLUDE_SOURCE;
				MTL_FAST_MATH = YES;
				ONLY_ACTIVE_ARCH = YES;
				SDKROOT = iphoneos;
				SWIFT_ACTIVE_COMPILATION_CONDITIONS = DEBUG;
				SWIFT_OPTIMIZATION_LEVEL = "-Onone";
			};
			name = Debug;
		};
		6CD5061A2882E39900107E70 /* Release */ = {
			isa = XCBuildConfiguration;
			buildSettings = {
				ALWAYS_SEARCH_USER_PATHS = NO;
				CLANG_ANALYZER_NONNULL = YES;
				CLANG_ANALYZER_NUMBER_OBJECT_CONVERSION = YES_AGGRESSIVE;
				CLANG_CXX_LANGUAGE_STANDARD = "gnu++17";
				CLANG_ENABLE_MODULES = YES;
				CLANG_ENABLE_OBJC_ARC = YES;
				CLANG_ENABLE_OBJC_WEAK = YES;
				CLANG_WARN_BLOCK_CAPTURE_AUTORELEASING = YES;
				CLANG_WARN_BOOL_CONVERSION = YES;
				CLANG_WARN_COMMA = YES;
				CLANG_WARN_CONSTANT_CONVERSION = YES;
				CLANG_WARN_DEPRECATED_OBJC_IMPLEMENTATIONS = YES;
				CLANG_WARN_DIRECT_OBJC_ISA_USAGE = YES_ERROR;
				CLANG_WARN_DOCUMENTATION_COMMENTS = YES;
				CLANG_WARN_EMPTY_BODY = YES;
				CLANG_WARN_ENUM_CONVERSION = YES;
				CLANG_WARN_INFINITE_RECURSION = YES;
				CLANG_WARN_INT_CONVERSION = YES;
				CLANG_WARN_NON_LITERAL_NULL_CONVERSION = YES;
				CLANG_WARN_OBJC_IMPLICIT_RETAIN_SELF = YES;
				CLANG_WARN_OBJC_LITERAL_CONVERSION = YES;
				CLANG_WARN_OBJC_ROOT_CLASS = YES_ERROR;
				CLANG_WARN_QUOTED_INCLUDE_IN_FRAMEWORK_HEADER = YES;
				CLANG_WARN_RANGE_LOOP_ANALYSIS = YES;
				CLANG_WARN_STRICT_PROTOTYPES = YES;
				CLANG_WARN_SUSPICIOUS_MOVE = YES;
				CLANG_WARN_UNGUARDED_AVAILABILITY = YES_AGGRESSIVE;
				CLANG_WARN_UNREACHABLE_CODE = YES;
				CLANG_WARN__DUPLICATE_METHOD_MATCH = YES;
				COPY_PHASE_STRIP = NO;
				DEBUG_INFORMATION_FORMAT = "dwarf-with-dsym";
				ENABLE_NS_ASSERTIONS = NO;
				ENABLE_STRICT_OBJC_MSGSEND = YES;
				GCC_C_LANGUAGE_STANDARD = gnu11;
				GCC_NO_COMMON_BLOCKS = YES;
				GCC_WARN_64_TO_32_BIT_CONVERSION = YES;
				GCC_WARN_ABOUT_RETURN_TYPE = YES_ERROR;
				GCC_WARN_UNDECLARED_SELECTOR = YES;
				GCC_WARN_UNINITIALIZED_AUTOS = YES_AGGRESSIVE;
				GCC_WARN_UNUSED_FUNCTION = YES;
				GCC_WARN_UNUSED_VARIABLE = YES;
				IPHONEOS_DEPLOYMENT_TARGET = 15.5;
				MTL_ENABLE_DEBUG_INFO = NO;
				MTL_FAST_MATH = YES;
				SDKROOT = iphoneos;
				SWIFT_COMPILATION_MODE = wholemodule;
				SWIFT_OPTIMIZATION_LEVEL = "-O";
				VALIDATE_PRODUCT = YES;
			};
			name = Release;
		};
		6CD5061C2882E39900107E70 /* Debug */ = {
			isa = XCBuildConfiguration;
			buildSettings = {
				ASSETCATALOG_COMPILER_APPICON_NAME = AppIcon;
				ASSETCATALOG_COMPILER_GLOBAL_ACCENT_COLOR_NAME = AccentColor;
				CODE_SIGN_STYLE = Automatic;
				CURRENT_PROJECT_VERSION = 1;
				DEVELOPMENT_ASSET_PATHS = "\"RiveAnimations/Preview Content\"";
				DEVELOPMENT_TEAM = PD76FHD37G;
				ENABLE_PREVIEWS = YES;
				GENERATE_INFOPLIST_FILE = YES;
				INFOPLIST_FILE = RiveAnimations/Info.plist;
				INFOPLIST_KEY_UIApplicationSceneManifest_Generation = YES;
				INFOPLIST_KEY_UIApplicationSupportsIndirectInputEvents = YES;
				INFOPLIST_KEY_UILaunchScreen_Generation = YES;
				INFOPLIST_KEY_UISupportedInterfaceOrientations_iPad = "UIInterfaceOrientationPortrait UIInterfaceOrientationPortraitUpsideDown UIInterfaceOrientationLandscapeLeft UIInterfaceOrientationLandscapeRight";
				INFOPLIST_KEY_UISupportedInterfaceOrientations_iPhone = "UIInterfaceOrientationPortrait UIInterfaceOrientationLandscapeLeft UIInterfaceOrientationLandscapeRight";
				LD_RUNPATH_SEARCH_PATHS = (
					"$(inherited)",
					"@executable_path/Frameworks",
				);
				MARKETING_VERSION = 1.0;
				PRODUCT_BUNDLE_IDENTIFIER = com.sonnemultimedia.RiveAnimations;
				PRODUCT_NAME = "$(TARGET_NAME)";
				SWIFT_EMIT_LOC_STRINGS = YES;
				SWIFT_VERSION = 5.0;
				TARGETED_DEVICE_FAMILY = "1,2";
			};
			name = Debug;
		};
		6CD5061D2882E39900107E70 /* Release */ = {
			isa = XCBuildConfiguration;
			buildSettings = {
				ASSETCATALOG_COMPILER_APPICON_NAME = AppIcon;
				ASSETCATALOG_COMPILER_GLOBAL_ACCENT_COLOR_NAME = AccentColor;
				CODE_SIGN_STYLE = Automatic;
				CURRENT_PROJECT_VERSION = 1;
				DEVELOPMENT_ASSET_PATHS = "\"RiveAnimations/Preview Content\"";
				DEVELOPMENT_TEAM = PD76FHD37G;
				ENABLE_PREVIEWS = YES;
				GENERATE_INFOPLIST_FILE = YES;
				INFOPLIST_FILE = RiveAnimations/Info.plist;
				INFOPLIST_KEY_UIApplicationSceneManifest_Generation = YES;
				INFOPLIST_KEY_UIApplicationSupportsIndirectInputEvents = YES;
				INFOPLIST_KEY_UILaunchScreen_Generation = YES;
				INFOPLIST_KEY_UISupportedInterfaceOrientations_iPad = "UIInterfaceOrientationPortrait UIInterfaceOrientationPortraitUpsideDown UIInterfaceOrientationLandscapeLeft UIInterfaceOrientationLandscapeRight";
				INFOPLIST_KEY_UISupportedInterfaceOrientations_iPhone = "UIInterfaceOrientationPortrait UIInterfaceOrientationLandscapeLeft UIInterfaceOrientationLandscapeRight";
				LD_RUNPATH_SEARCH_PATHS = (
					"$(inherited)",
					"@executable_path/Frameworks",
				);
				MARKETING_VERSION = 1.0;
				PRODUCT_BUNDLE_IDENTIFIER = com.sonnemultimedia.RiveAnimations;
				PRODUCT_NAME = "$(TARGET_NAME)";
				SWIFT_EMIT_LOC_STRINGS = YES;
				SWIFT_VERSION = 5.0;
				TARGETED_DEVICE_FAMILY = "1,2";
			};
			name = Release;
		};
/* End XCBuildConfiguration section */

/* Begin XCConfigurationList section */
		6CD506082882E39600107E70 /* Build configuration list for PBXProject "RiveAnimations" */ = {
			isa = XCConfigurationList;
			buildConfigurations = (
				6CD506192882E39900107E70 /* Debug */,
				6CD5061A2882E39900107E70 /* Release */,
			);
			defaultConfigurationIsVisible = 0;
			defaultConfigurationName = Release;
		};
		6CD5061B2882E39900107E70 /* Build configuration list for PBXNativeTarget "RiveAnimations" */ = {
			isa = XCConfigurationList;
			buildConfigurations = (
				6CD5061C2882E39900107E70 /* Debug */,
				6CD5061D2882E39900107E70 /* Release */,
			);
			defaultConfigurationIsVisible = 0;
			defaultConfigurationName = Release;
		};
/* End XCConfigurationList section */

/* Begin XCRemoteSwiftPackageReference section */
		6CD5062D2882E71900107E70 /* XCRemoteSwiftPackageReference "rive-ios" */ = {
			isa = XCRemoteSwiftPackageReference;
			repositoryURL = "https://github.com/rive-app/rive-ios";
			requirement = {
				kind = upToNextMajorVersion;
				minimumVersion = 3.0.0;
			};
		};
/* End XCRemoteSwiftPackageReference section */

/* Begin XCSwiftPackageProductDependency section */
		6CD5062E2882E71900107E70 /* RiveRuntime */ = {
			isa = XCSwiftPackageProductDependency;
			package = 6CD5062D2882E71900107E70 /* XCRemoteSwiftPackageReference "rive-ios" */;
			productName = RiveRuntime;
		};
/* End XCSwiftPackageProductDependency section */
	};
	rootObject = 6CD506052882E39600107E70 /* Project object */;
}
